<?xml version="1.0" encoding="utf-8"?>
<Project ToolsVersion="4.0" xmlns="http://schemas.microsoft.com/developer/msbuild/2003">
  <ItemGroup>
    <Filter Include="资源文件">
      <UniqueIdentifier>{67DA6AB6-F800-4c08-8B7A-83BB121AAD01}</UniqueIdentifier>
      <Extensions>rc;ico;cur;bmp;dlg;rc2;rct;bin;rgs;gif;jpg;jpeg;jpe;resx;tiff;tif;png;wav;mfcribbon-ms</Extensions>
    </Filter>
    <Filter Include="Core">
      <UniqueIdentifier>{4FC737F1-C7A5-4376-A066-2A32D752A2FF}</UniqueIdentifier>
      <Extensions>cpp;c;cc;cxx;def;odl;idl;hpj;bat;asm;asmx</Extensions>
    </Filter>
    <Filter Include="Core\FileOperatorMod">
      <UniqueIdentifier>{e370695c-0a55-4f6a-b242-6c42ab572c88}</UniqueIdentifier>
    </Filter>
    <Filter Include="Core\DataDiskMod">
      <UniqueIdentifier>{ed23d140-789c-43ee-86be-f979beb086cf}</UniqueIdentifier>
    </Filter>
    <Filter Include="Core\Model">
      <UniqueIdentifier>{979df1ba-bbab-4655-96ed-db1765a6c690}</UniqueIdentifier>
    </Filter>
    <Filter Include="Core\Model\FileInfo">
      <UniqueIdentifier>{c4642776-0691-4952-a3ea-90bf8ed4b997}</UniqueIdentifier>
    </Filter>
    <Filter Include="Core\FileOperatorMod\Command">
      <UniqueIdentifier>{d3f1b865-d16c-491f-a3e9-3941fe9b389d}</UniqueIdentifier>
    </Filter>
    <Filter Include="Core\FileOperatorMod\Command\CommandTool">
      <UniqueIdentifier>{fea070af-dedf-42c6-8584-684fe2344913}</UniqueIdentifier>
    </Filter>
    <Filter Include="Core\FileOperatorMod\Command\SubCommand">
      <UniqueIdentifier>{91c71aad-5e98-41ae-af44-7b4bbde03f02}</UniqueIdentifier>
    </Filter>
  </ItemGroup>
  <ItemGroup>
    <ClCompile Include="file_info.cpp">
      <Filter>Core\Model\FileInfo</Filter>
    </ClCompile>
    <ClCompile Include="link_file_info.cpp">
      <Filter>Core\Model\FileInfo</Filter>
    </ClCompile>
    <ClCompile Include="main.cpp">
      <Filter>Core</Filter>
    </ClCompile>
    <ClCompile Include="data_disk.cpp">
      <Filter>Core\DataDiskMod</Filter>
    </ClCompile>
    <ClCompile Include="file_operator.cpp">
      <Filter>Core\FileOperatorMod</Filter>
    </ClCompile>
    <ClCompile Include="command.cpp">
      <Filter>Core\FileOperatorMod\Command</Filter>
    </ClCompile>
    <ClCompile Include="command_factory.cpp">
      <Filter>Core\FileOperatorMod\Command</Filter>
    </ClCompile>
    <ClCompile Include="cd_command.cpp">
      <Filter>Core\FileOperatorMod\Command\SubCommand</Filter>
    </ClCompile>
    <ClCompile Include="copy_command.cpp">
      <Filter>Core\FileOperatorMod\Command\SubCommand</Filter>
    </ClCompile>
    <ClCompile Include="dir_command.cpp">
      <Filter>Core\FileOperatorMod\Command\SubCommand</Filter>
    </ClCompile>
    <ClCompile Include="md_command.cpp">
      <Filter>Core\FileOperatorMod\Command\SubCommand</Filter>
    </ClCompile>
    <ClCompile Include="mklink_command.cpp">
      <Filter>Core\FileOperatorMod\Command\SubCommand</Filter>
    </ClCompile>
    <ClCompile Include="link_file_manager.cpp">
      <Filter>Core\DataDiskMod</Filter>
    </ClCompile>
    <ClCompile Include="del_command.cpp">
      <Filter>Core\FileOperatorMod\Command\SubCommand</Filter>
    </ClCompile>
    <ClCompile Include="move_command.cpp">
      <Filter>Core\FileOperatorMod\Command\SubCommand</Filter>
    </ClCompile>
    <ClCompile Include="rd_command.cpp">
      <Filter>Core\FileOperatorMod\Command\SubCommand</Filter>
    </ClCompile>
    <ClCompile Include="save_command.cpp">
      <Filter>Core\FileOperatorMod\Command\SubCommand</Filter>
    </ClCompile>
    <ClCompile Include="load_command.cpp">
      <Filter>Core\FileOperatorMod\Command\SubCommand</Filter>
    </ClCompile>
    <ClCompile Include="ren_command.cpp">
      <Filter>Core\FileOperatorMod\Command\SubCommand</Filter>
    </ClCompile>
    <ClCompile Include="cls_command.cpp">
      <Filter>Core\FileOperatorMod\Command\SubCommand</Filter>
    </ClCompile>
    <ClCompile Include="model_def.cpp">
      <Filter>Core\Model</Filter>
    </ClCompile>
  </ItemGroup>
  <ItemGroup>
    <ClInclude Include="file_info.h">
      <Filter>Core\Model\FileInfo</Filter>
    </ClInclude>
    <ClInclude Include="data_disk.h">
      <Filter>Core\DataDiskMod</Filter>
    </ClInclude>
    <ClInclude Include="file_operator.h">
      <Filter>Core\FileOperatorMod</Filter>
    </ClInclude>
    <ClInclude Include="command.h">
      <Filter>Core\FileOperatorMod\Command</Filter>
    </ClInclude>
    <ClInclude Include="link_file_info.h">
      <Filter>Core\Model\FileInfo</Filter>
    </ClInclude>
    <ClInclude Include="model_def.h">
      <Filter>Core\Model</Filter>
    </ClInclude>
    <ClInclude Include="command_factory.h">
      <Filter>Core\FileOperatorMod\Command</Filter>
    </ClInclude>
    <ClInclude Include="string_def.h">
      <Filter>Core\Model</Filter>
    </ClInclude>
    <ClInclude Include="dir_tool.h">
      <Filter>Core\FileOperatorMod\Command\CommandTool</Filter>
    </ClInclude>
    <ClInclude Include="cd_command.h">
      <Filter>Core\FileOperatorMod\Command\SubCommand</Filter>
    </ClInclude>
    <ClInclude Include="copy_command.h">
      <Filter>Core\FileOperatorMod\Command\SubCommand</Filter>
    </ClInclude>
    <ClInclude Include="dir_command.h">
      <Filter>Core\FileOperatorMod\Command\SubCommand</Filter>
    </ClInclude>
    <ClInclude Include="md_command.h">
      <Filter>Core\FileOperatorMod\Command\SubCommand</Filter>
    </ClInclude>
    <ClInclude Include="mklink_command.h">
      <Filter>Core\FileOperatorMod\Command\SubCommand</Filter>
    </ClInclude>
    <ClInclude Include="link_file_manager.h">
      <Filter>Core\DataDiskMod</Filter>
    </ClInclude>
    <ClInclude Include="del_command.h">
      <Filter>Core\FileOperatorMod\Command\SubCommand</Filter>
    </ClInclude>
    <ClInclude Include="move_command.h">
      <Filter>Core\FileOperatorMod\Command\SubCommand</Filter>
    </ClInclude>
    <ClInclude Include="rd_command.h">
      <Filter>Core\FileOperatorMod\Command\SubCommand</Filter>
    </ClInclude>
    <ClInclude Include="save_command.h">
      <Filter>Core\FileOperatorMod\Command\SubCommand</Filter>
    </ClInclude>
    <ClInclude Include="load_command.h">
      <Filter>Core\FileOperatorMod\Command\SubCommand</Filter>
    </ClInclude>
    <ClInclude Include="ren_command.h">
      <Filter>Core\FileOperatorMod\Command\SubCommand</Filter>
    </ClInclude>
    <ClInclude Include="cls_command.h">
      <Filter>Core\FileOperatorMod\Command\SubCommand</Filter>
    </ClInclude>
  </ItemGroup>
</Project>