<?xml version="1.0" encoding="utf-8"?>
<Project ToolsVersion="4.0" xmlns="http://schemas.microsoft.com/developer/msbuild/2003">
  <ItemGroup>
    <Filter Include="资源文件">
      <UniqueIdentifier>{67DA6AB6-F800-4c08-8B7A-83BB121AAD01}</UniqueIdentifier>
      <Extensions>rc;ico;cur;bmp;dlg;rc2;rct;bin;rgs;gif;jpg;jpeg;jpe;resx;tiff;tif;png;wav;mfcribbon-ms</Extensions>
    </Filter>
    <Filter Include="Core">
      <UniqueIdentifier>{61fea190-f0f8-4723-97f5-22747abe3438}</UniqueIdentifier>
    </Filter>
    <Filter Include="Core\Disk">
      <UniqueIdentifier>{29e2e3b1-a366-4d92-8098-562a6dc53fae}</UniqueIdentifier>
    </Filter>
    <Filter Include="Core\global">
      <UniqueIdentifier>{c31a197e-0fad-4631-80a7-34e2ebb6aeeb}</UniqueIdentifier>
    </Filter>
    <Filter Include="Core\Disk\File">
      <UniqueIdentifier>{a6f38596-b3be-45f2-bdc1-b4b7a50108bf}</UniqueIdentifier>
    </Filter>
    <Filter Include="Core\file_operator">
      <UniqueIdentifier>{dfa925ce-f24d-4796-8c3b-d8f01047ff4f}</UniqueIdentifier>
    </Filter>
    <Filter Include="Core\file_operator\command">
      <UniqueIdentifier>{96b92f06-bf5e-4fd8-a66b-cdb3de8157a4}</UniqueIdentifier>
    </Filter>
  </ItemGroup>
  <ItemGroup>
    <ClInclude Include="y_disk.h">
      <Filter>Core\Disk</Filter>
    </ClInclude>
    <ClInclude Include="y_file.h">
      <Filter>Core\Disk\File</Filter>
    </ClInclude>
    <ClInclude Include="y_symlnk_file.h">
      <Filter>Core\Disk\File</Filter>
    </ClInclude>
    <ClInclude Include="y_disk_operator.h">
      <Filter>Core\Disk</Filter>
    </ClInclude>
    <ClInclude Include="y_system.h">
      <Filter>Core\file_operator</Filter>
    </ClInclude>
    <ClInclude Include="y_command_factory.h">
      <Filter>Core\file_operator</Filter>
    </ClInclude>
    <ClInclude Include="y_command.h">
      <Filter>Core\file_operator\command</Filter>
    </ClInclude>
    <ClInclude Include="y_touch_command.h">
      <Filter>Core\file_operator\command</Filter>
    </ClInclude>
    <ClInclude Include="y_dir_command.h">
      <Filter>Core\file_operator\command</Filter>
    </ClInclude>
    <ClInclude Include="y_input_resolve.h">
      <Filter>Core\file_operator</Filter>
    </ClInclude>
    <ClInclude Include="y_tool.h">
      <Filter>Core\global</Filter>
    </ClInclude>
    <ClInclude Include="y_result_structure_def.h">
      <Filter>Core\global</Filter>
    </ClInclude>
    <ClInclude Include="y_error_code.h">
      <Filter>Core\global</Filter>
    </ClInclude>
    <ClInclude Include="y_ifile.h">
      <Filter>Core\Disk\File</Filter>
    </ClInclude>
    <ClInclude Include="y_mkdir_command.h">
      <Filter>Core\file_operator\command</Filter>
    </ClInclude>
    <ClInclude Include="y_move_command.h">
      <Filter>Core\file_operator\command</Filter>
    </ClInclude>
    <ClInclude Include="y_copy_command.h">
      <Filter>Core\file_operator\command</Filter>
    </ClInclude>
    <ClInclude Include="y_del_command.h">
      <Filter>Core\file_operator\command</Filter>
    </ClInclude>
    <ClInclude Include="y_rd_command.h">
      <Filter>Core\file_operator\command</Filter>
    </ClInclude>
    <ClInclude Include="y_ren_command.h">
      <Filter>Core\file_operator\command</Filter>
    </ClInclude>
    <ClInclude Include="y_mkdisk_command.h">
      <Filter>Core\file_operator\command</Filter>
    </ClInclude>
    <ClInclude Include="y_cd_command.h">
      <Filter>Core\file_operator\command</Filter>
    </ClInclude>
    <ClInclude Include="y_mklink_command.h">
      <Filter>Core\file_operator\command</Filter>
    </ClInclude>
    <ClInclude Include="y_cddisk_command.h">
      <Filter>Core\file_operator\command</Filter>
    </ClInclude>
    <ClInclude Include="y_load_command.h">
      <Filter>Core\file_operator\command</Filter>
    </ClInclude>
    <ClInclude Include="y_save_command.h">
      <Filter>Core\file_operator\command</Filter>
    </ClInclude>
    <ClInclude Include="y_cls_command.h">
      <Filter>Core\file_operator\command</Filter>
    </ClInclude>
  </ItemGroup>
  <ItemGroup>
    <ClCompile Include="y_disk.cpp">
      <Filter>Core\Disk</Filter>
    </ClCompile>
    <ClCompile Include="y_file.cpp">
      <Filter>Core\Disk\File</Filter>
    </ClCompile>
    <ClCompile Include="y_symlnk_file.cpp">
      <Filter>Core\Disk\File</Filter>
    </ClCompile>
    <ClCompile Include="y_disk_operator.cpp">
      <Filter>Core\Disk</Filter>
    </ClCompile>
    <ClCompile Include="y_system.cpp">
      <Filter>Core\file_operator</Filter>
    </ClCompile>
    <ClCompile Include="y_command_factory.cpp">
      <Filter>Core\file_operator</Filter>
    </ClCompile>
    <ClCompile Include="y_command.cpp">
      <Filter>Core\file_operator\command</Filter>
    </ClCompile>
    <ClCompile Include="y_touch_command.cpp">
      <Filter>Core\file_operator\command</Filter>
    </ClCompile>
    <ClCompile Include="y_dir_command.cpp">
      <Filter>Core\file_operator\command</Filter>
    </ClCompile>
    <ClCompile Include="y_input_resolve.cpp">
      <Filter>Core\file_operator</Filter>
    </ClCompile>
    <ClCompile Include="main.cpp">
      <Filter>Core</Filter>
    </ClCompile>
    <ClCompile Include="y_tool.cpp">
      <Filter>Core\global</Filter>
    </ClCompile>
    <ClCompile Include="y_ifile.cpp">
      <Filter>Core\Disk\File</Filter>
    </ClCompile>
    <ClCompile Include="y_mkdir_command.cpp">
      <Filter>Core\file_operator\command</Filter>
    </ClCompile>
    <ClCompile Include="y_move_command.cpp">
      <Filter>Core\file_operator\command</Filter>
    </ClCompile>
    <ClCompile Include="y_copy_command.cpp">
      <Filter>Core\file_operator\command</Filter>
    </ClCompile>
    <ClCompile Include="y_del_command.cpp">
      <Filter>Core\file_operator\command</Filter>
    </ClCompile>
    <ClCompile Include="y_rd_command.cpp">
      <Filter>Core\file_operator\command</Filter>
    </ClCompile>
    <ClCompile Include="y_ren_command.cpp">
      <Filter>Core\file_operator\command</Filter>
    </ClCompile>
    <ClCompile Include="y_mkdisk_command.cpp">
      <Filter>Core\file_operator\command</Filter>
    </ClCompile>
    <ClCompile Include="y_cd_command.cpp">
      <Filter>Core\file_operator\command</Filter>
    </ClCompile>
    <ClCompile Include="y_mklink_command.cpp">
      <Filter>Core\file_operator\command</Filter>
    </ClCompile>
    <ClCompile Include="y_cddisk_command.cpp">
      <Filter>Core\file_operator\command</Filter>
    </ClCompile>
    <ClCompile Include="y_load_command.cpp">
      <Filter>Core\file_operator\command</Filter>
    </ClCompile>
    <ClCompile Include="y_save_command.cpp">
      <Filter>Core\file_operator\command</Filter>
    </ClCompile>
    <ClCompile Include="y_cls_command.cpp">
      <Filter>Core\file_operator\command</Filter>
    </ClCompile>
  </ItemGroup>
</Project>